
Microsoft Visual Studio Solution File, Format Version 12.00
# Visual Studio Version 16
VisualStudioVersion = 16.0.29503.13
MinimumVisualStudioVersion = 10.0.40219.1
Project("{FAE04EC0-301F-11D3-BF4B-00C04F79EFBC}") = "CTAPget", "CTAPget\CTAPget.csproj", "{3FE225F9-8BF9-4DFB-8725-5286A5472242}"
EndProject
Global
	GlobalSection(SolutionConfigurationPlatforms) = preSolution
		Debug|Any CPU = Debug|Any CPU
		Release|Any CPU = Release|Any CPU
	EndGlobalSection
	GlobalSection(ProjectConfigurationPlatforms) = postSolution
		{3FE225F9-8BF9-4DFB-8725-5286A5472242}.Debug|Any CPU.ActiveCfg = Debug|Any CPU
		{3FE225F9-8BF9-4DFB-8725-5286A5472242}.Debug|Any CPU.Build.0 = Debug|Any CPU
		{3FE225F9-8BF9-4DFB-8725-5286A5472242}.Release|Any CPU.ActiveCfg = Release|Any CPU
		{3FE225F9-8BF9-4DFB-8725-5286A5472242}.Release|Any CPU.Build.0 = Release|Any CPU
	EndGlobalSection
	GlobalSection(SolutionProperties) = preSolution
		HideSolutionNode = FALSE
	EndGlobalSection
	GlobalSection(ExtensibilityGlobals) = postSolution
		SolutionGuid = {FE1D5FFE-FB3E-4033-9117-2710F4145113}
	EndGlobalSection
EndGlobal
